{
  "nodes": {
    "nixos-hardware": {
      "locked": {
        "lastModified": 1706085157,
        "narHash": "sha256-0pTbYwn9qubaZLtuN0Ouj0neEfrir1wSNyH8gL1BzB0=",
        "owner": "NixOS",
        "repo": "nixos-hardware",
        "rev": "e756ff62c2e9db4f7c197bc1849a02024a7bfb2e",
        "type": "github"
      },
      "original": {
        "owner": "NixOS",
        "repo": "nixos-hardware",
        "type": "github"
      }
    },
    "nixpkgs": {
      "locked": {
        "lastModified": 1706112902,
        "narHash": "sha256-GKPwSY0fBShj0FfaPqA4gg5oHGhpya/m2DVb+3m+Uzs=",
        "owner": "NixOS",
        "repo": "nixpkgs",
        "rev": "5cd2baa57a9ff2d84f2615700434fa04f3067fdb",
        "type": "github"
      },
      "original": {
        "owner": "NixOS",
        "ref": "nixos-unstable-small",
        "repo": "nixpkgs",
        "type": "github"
      }
    },
    "root": {
      "inputs": {
        "nixos-hardware": "nixos-hardware",
        "nixpkgs": "nixpkgs"
      }
    }
  },
  "root": "root",
  "version": 7
}
